
Microsoft Visual Studio Solution File, Format Version 12.00
# Visual Studio Version 16
VisualStudioVersion = 16.0.31702.278
MinimumVisualStudioVersion = 10.0.40219.1
Project("{FAE04EC0-301F-11D3-BF4B-00C04F79EFBC}") = "SL-ImageUtils", "SL-ImageUtils\SL-ImageUtils.csproj", "{F49EC647-FE32-48FD-87FE-69CAF8C92602}"
EndProject
Project("{FAE04EC0-301F-11D3-BF4B-00C04F79EFBC}") = "ImageUtils-Driver", "..\ImageUtils-Driver\ImageUtils-Driver\ImageUtils-Driver.csproj", "{4DA4B868-9079-42C3-BD76-03998B9F2A84}"
EndProject
Global
	GlobalSection(SolutionConfigurationPlatforms) = preSolution
		Debug|Any CPU = Debug|Any CPU
		Release|Any CPU = Release|Any CPU
	EndGlobalSection
	GlobalSection(ProjectConfigurationPlatforms) = postSolution
		{F49EC647-FE32-48FD-87FE-69CAF8C92602}.Debug|Any CPU.ActiveCfg = Debug|Any CPU
		{F49EC647-FE32-48FD-87FE-69CAF8C92602}.Debug|Any CPU.Build.0 = Debug|Any CPU
		{F49EC647-FE32-48FD-87FE-69CAF8C92602}.Release|Any CPU.ActiveCfg = Release|Any CPU
		{F49EC647-FE32-48FD-87FE-69CAF8C92602}.Release|Any CPU.Build.0 = Release|Any CPU
		{4DA4B868-9079-42C3-BD76-03998B9F2A84}.Debug|Any CPU.ActiveCfg = Debug|Any CPU
		{4DA4B868-9079-42C3-BD76-03998B9F2A84}.Debug|Any CPU.Build.0 = Debug|Any CPU
		{4DA4B868-9079-42C3-BD76-03998B9F2A84}.Release|Any CPU.ActiveCfg = Release|Any CPU
		{4DA4B868-9079-42C3-BD76-03998B9F2A84}.Release|Any CPU.Build.0 = Release|Any CPU
	EndGlobalSection
	GlobalSection(SolutionProperties) = preSolution
		HideSolutionNode = FALSE
	EndGlobalSection
	GlobalSection(ExtensibilityGlobals) = postSolution
		SolutionGuid = {8A569C2F-50DD-48A0-B294-9CB1A1E7E822}
	EndGlobalSection
EndGlobal
